{
  "originHash" : "2fe7106ed7ce827c068842f09878868ad1f0cb6efaf68b7b321a113d59c90c49",
  "pins" : [
    {
      "identity" : "appauth-ios",
      "kind" : "remoteSourceControl",
      "location" : "https://github.com/openid/AppAuth-iOS.git",
      "state" : {
        "revision" : "145104f5ea9d58ae21b60add007c33c1cc0c948e",
        "version" : "2.0.0"
      }
    },
    {
      "identity" : "cucumberswift",
      "kind" : "remoteSourceControl",
      "location" : "https://github.com/Tyler-Keith-Thompson/CucumberSwift",
      "state" : {
        "revision" : "1d16dcd943a35eb8ecf274caf85ea827b4018d4d",
        "version" : "5.0.10"
      }
    },
    {
      "identity" : "cucumberswiftexpressions",
      "kind" : "remoteSourceControl",
      "location" : "https://github.com/cucumberswift/CucumberSwiftExpressions.git",
      "state" : {
        "revision" : "5200dc2c5d7cd31f07a13f030ab0027224d2dbea",
        "version" : "0.0.8"
      }
    },
    {
      "identity" : "elegant-emoji-picker",
      "kind" : "remoteSourceControl",
      "location" : "https://github.com/Finalet/Elegant-Emoji-Picker",
      "state" : {
        "revision" : "598ff0a72198375d7317b61982fa8648d0ba3a44"
      }
    },
    {
      "identity" : "linphone-sdk-swift-ios",
      "kind" : "remoteSourceControl",
      "location" : "https://github.com/BelledonneCommunications/linphone-sdk-swift-ios.git",
      "state" : {
        "revision" : "cac684da1a45adcb33ab8c3198b88ae287241d67",
        "version" : "5.5.18"
      }
    }
  ],
  "version" : 3
}
